
Microsoft Visual Studio Solution File, Format Version 12.00
# Visual Studio Version 17
VisualStudioVersion = 17.8.34309.116
MinimumVisualStudioVersion = 10.0.40219.1
Project("{FAE04EC0-301F-11D3-BF4B-00C04F79EFBC}") = "WindowsFormsApp1", "WindowsFormsApp1.csproj", "{F309238A-32A7-4B51-BBF1-E412A8C6163A}"
EndProject
Global
	GlobalSection(SolutionConfigurationPlatforms) = preSolution
		Debug|Any CPU = Debug|Any CPU
		Release|Any CPU = Release|Any CPU
	EndGlobalSection
	GlobalSection(ProjectConfigurationPlatforms) = postSolution
		{F309238A-32A7-4B51-BBF1-E412A8C6163A}.Debug|Any CPU.ActiveCfg = Debug|Any CPU
		{F309238A-32A7-4B51-BBF1-E412A8C6163A}.Debug|Any CPU.Build.0 = Debug|Any CPU
		{F309238A-32A7-4B51-BBF1-E412A8C6163A}.Release|Any CPU.ActiveCfg = Release|Any CPU
		{F309238A-32A7-4B51-BBF1-E412A8C6163A}.Release|Any CPU.Build.0 = Release|Any CPU
	EndGlobalSection
	GlobalSection(SolutionProperties) = preSolution
		HideSolutionNode = FALSE
	EndGlobalSection
	GlobalSection(ExtensibilityGlobals) = postSolution
		SolutionGuid = {05369A48-0412-4E55-A2A9-2158DAD25640}
	EndGlobalSection
EndGlobal
